{
  "version": 4,
  "terraform_version": "1.5.7",
  "serial": 14,
  "lineage": "9dd26796-d158-d33f-ee8b-91d90e53fc76",
  "outputs": {
    "public_ip": {
      "value": {
        "DuyPhan": "52.221.233.144",
        "TungVo": "54.169.242.192"
      },
      "type": [
        "object",
        {
          "DuyPhan": "string",
          "TungVo": "string"
        }
      ]
    }
  },
  "resources": [
    {
      "mode": "data",
      "type": "aws_ami",
      "name": "ubuntu",
      "provider": "provider[\"registry.terraform.io/hashicorp/aws\"]",
      "instances": [
        {
          "schema_version": 0,
          "attributes": {
            "architecture": "x86_64",
            "arn": "arn:aws:ec2:ap-southeast-1::image/ami-09005bce47e1d2c7f",
            "block_device_mappings": [
              {
                "device_name": "/dev/sda1",
                "ebs": {
                  "delete_on_termination": "true",
                  "encrypted": "false",
                  "iops": "0",
                  "snapshot_id": "snap-02a81152af5498c03",
                  "throughput": "0",
                  "volume_size": "8",
                  "volume_type": "gp3"
                },
                "no_device": "",
                "virtual_name": ""
              },
              {
                "device_name": "/dev/sdb",
                "ebs": {},
                "no_device": "",
                "virtual_name": "ephemeral0"
              },
              {
                "device_name": "/dev/sdc",
                "ebs": {},
                "no_device": "",
                "virtual_name": "ephemeral1"
              }
            ],
            "boot_mode": "uefi-preferred",
            "creation_date": "2024-07-10T09:05:30.000Z",
            "deprecation_time": "2026-07-10T09:05:30.000Z",
            "description": "Canonical, Ubuntu, 24.04 LTS, amd64 noble image build on 2024-07-10",
            "ena_support": true,
            "executable_users": null,
            "filter": [
              {
                "name": "name",
                "values": [
                  "ubuntu/images/hvm-ssd-gp3/ubuntu-noble-24.04-amd64-server-*"
                ]
              }
            ],
            "hypervisor": "xen",
            "id": "ami-09005bce47e1d2c7f",
            "image_id": "ami-09005bce47e1d2c7f",
            "image_location": "amazon/ubuntu/images/hvm-ssd-gp3/ubuntu-noble-24.04-amd64-server-20240710",
            "image_owner_alias": "amazon",
            "image_type": "machine",
            "imds_support": "v2.0",
            "include_deprecated": false,
            "kernel_id": "",
            "most_recent": true,
            "name": "ubuntu/images/hvm-ssd-gp3/ubuntu-noble-24.04-amd64-server-20240710",
            "name_regex": null,
            "owner_id": "099720109477",
            "owners": [
              "099720109477"
            ],
            "platform": "",
            "platform_details": "Linux/UNIX",
            "product_codes": [],
            "public": true,
            "ramdisk_id": "",
            "root_device_name": "/dev/sda1",
            "root_device_type": "ebs",
            "root_snapshot_id": "snap-02a81152af5498c03",
            "sriov_net_support": "simple",
            "state": "available",
            "state_reason": {
              "code": "UNSET",
              "message": "UNSET"
            },
            "tags": {},
            "timeouts": null,
            "tpm_support": "",
            "usage_operation": "RunInstances",
            "virtualization_type": "hvm"
          },
          "sensitive_attributes": []
        }
      ]
    },
    {
      "mode": "data",
      "type": "cloudinit_config",
      "name": "config",
      "provider": "provider[\"registry.terraform.io/hashicorp/cloudinit\"]",
      "instances": [
        {
          "schema_version": 0,
          "attributes": {
            "base64_encode": true,
            "boundary": "MIMEBOUNDARY",
            "gzip": true,
            "id": "1216989128",
            "part": [
              {
                "content": "#cloud-config\nruncmd:\n  # Docker\n  - curl -fsSL https://get.docker.com/ | sh\n  - sudo usermod -aG docker ubuntu\n  - cd /home/ubuntu\n  - git clone https://github.com/hoalongnatsu/crawler-demo.git \u0026\u0026 cd crawler-demo\n  - docker network create crawler\n  - docker compose -f docker-compose-server.yaml up -d\n  - curl -sOL https://raw.githubusercontent.com/vishnubob/wait-for-it/master/wait-for-it.sh\n  - chmod +x wait-for-it.sh\n  - ./wait-for-it.sh -t 0 localhost:5432 -- echo \"postgres up\"\n  - ./wait-for-it.sh -t 0 localhost:8083 -- echo \"kafka connect up\"\n  - sleep 60\n  - docker run --env-file=./migrate/.env.container --net crawler 080196/crawler-app-migrate /app/run init\n  - docker run --env-file=./migrate/.env.container --net crawler 080196/crawler-app-migrate /app/run migrate\n  - curl -i -X POST -H \"Accept:application/json\" -H  \"Content-Type:application/json\" http://localhost:8083/connectors/ -d @configs/postgres-source.json \n  - curl -i -X POST -H \"Accept:application/json\" -H  \"Content-Type:application/json\" http://localhost:8083/connectors/ -d @configs/elasticsearch-sink.json \n\npackages:\n  - git\n  - curl",
                "content_type": "text/cloud-config",
                "filename": null,
                "merge_type": null
              }
            ],
            "rendered": "H4sIAAAAAAAA/8xUwW7TQBC9W8o/jFKpFzTelEIpRpUotAIkShEtCI6b9dheYu+sdmeTVuLjkRMndVsOnBBHv33z3vMbr9+yE3KC17eeCuhSK9brIKqzN1S+gjknV+pwezK9+HBx/uby66ez0y8/pln/hN8oRMuugIN8NskmGeKYNMl22kG7WFHAc2e4tK4u4MXcyoiwNhe6EWVaTiUadpWtJ9mF7eiRzd6Yk4XkTFcWGcAenLFZUMgAEEwKLWAVrz5CI+JjoVRNkpdrRm64U/ALYrPmxlQypEih4xJQv4MNC9I8OUkbuRJUwx2pEVZbAdOyozsHK02ar9Ub1i272mmJSZmgVy0FLKnjvB/b3+8Vx/BacfB1JCsOCzCBtNCWNmYY7jxHAqwGBAcEI4UlhfxWdy0kD1iO2oiXd2UEvco3cfsXN5tFrJMvbWxcmvNcrbQVrDigFdXpKBTGUD60Z5q+tic38Iez/MEAoMAMWja6bThK8fzZ4VNABDINw9RzlDpQhOSnfzV+PDs+vBtf6GqhwbBzZGSnEVsiD0ezcX0hOUAkt8TKtnSSq87WQQupnNwy78vQ1lEAREey7R9mx7ODl0e7ZWrvcZgDpb1Xvap1Vv6N0wCM1msBv8Pny6trwPcwPTWGvBTa+9YaLZad+hnZTftDmN67eY85/VdSKHW/aTVUyyEqwBJeb25gVNu9YeQUDOW9BvwPwajVUayJpINpMFq3GLJlXpuFrikW25u8i/vwN4Y4yX4HAAD//7z7/YwlBQAA"
          },
          "sensitive_attributes": []
        }
      ]
    },
    {
      "mode": "managed",
      "type": "aws_instance",
      "name": "crawler",
      "provider": "provider[\"registry.terraform.io/hashicorp/aws\"]",
      "instances": [
        {
          "index_key": "DuyPhan",
          "schema_version": 1,
          "attributes": {
            "ami": "ami-09005bce47e1d2c7f",
            "arn": "arn:aws:ec2:ap-southeast-1:637423495044:instance/i-0dbc33db7ace51a05",
            "associate_public_ip_address": true,
            "availability_zone": "ap-southeast-1a",
            "capacity_reservation_specification": [
              {
                "capacity_reservation_preference": "open",
                "capacity_reservation_target": []
              }
            ],
            "cpu_core_count": 1,
            "cpu_options": [
              {
                "amd_sev_snp": "",
                "core_count": 1,
                "threads_per_core": 2
              }
            ],
            "cpu_threads_per_core": 2,
            "credit_specification": [
              {
                "cpu_credits": "unlimited"
              }
            ],
            "disable_api_stop": false,
            "disable_api_termination": false,
            "ebs_block_device": [],
            "ebs_optimized": false,
            "enclave_options": [
              {
                "enabled": false
              }
            ],
            "ephemeral_block_device": [],
            "get_password_data": false,
            "hibernation": false,
            "host_id": "",
            "host_resource_group_arn": null,
            "iam_instance_profile": "",
            "id": "i-0dbc33db7ace51a05",
            "instance_initiated_shutdown_behavior": "stop",
            "instance_lifecycle": "",
            "instance_market_options": [],
            "instance_state": "running",
            "instance_type": "t3.medium",
            "ipv6_address_count": 0,
            "ipv6_addresses": [],
            "key_name": "test",
            "launch_template": [],
            "maintenance_options": [
              {
                "auto_recovery": "default"
              }
            ],
            "metadata_options": [
              {
                "http_endpoint": "enabled",
                "http_protocol_ipv6": "disabled",
                "http_put_response_hop_limit": 2,
                "http_tokens": "required",
                "instance_metadata_tags": "disabled"
              }
            ],
            "monitoring": false,
            "network_interface": [],
            "outpost_arn": "",
            "password_data": "",
            "placement_group": "",
            "placement_partition_number": 0,
            "primary_network_interface_id": "eni-07859f61c3941f128",
            "private_dns": "ip-172-31-36-78.ap-southeast-1.compute.internal",
            "private_dns_name_options": [
              {
                "enable_resource_name_dns_a_record": false,
                "enable_resource_name_dns_aaaa_record": false,
                "hostname_type": "ip-name"
              }
            ],
            "private_ip": "172.31.36.78",
            "public_dns": "ec2-52-221-233-144.ap-southeast-1.compute.amazonaws.com",
            "public_ip": "52.221.233.144",
            "root_block_device": [
              {
                "delete_on_termination": true,
                "device_name": "/dev/sda1",
                "encrypted": false,
                "iops": 3000,
                "kms_key_id": "",
                "tags": null,
                "tags_all": {},
                "throughput": 125,
                "volume_id": "vol-070969b8e2458f47f",
                "volume_size": 30,
                "volume_type": "gp3"
              }
            ],
            "secondary_private_ips": [],
            "security_groups": [
              "crawler"
            ],
            "source_dest_check": true,
            "spot_instance_request_id": "",
            "subnet_id": "subnet-08f6204d132abcaff",
            "tags": {
              "Name": "Crawler-DuyPhan"
            },
            "tags_all": {
              "Name": "Crawler-DuyPhan"
            },
            "tenancy": "default",
            "timeouts": null,
            "user_data": "f5c2925b6e048dfd6e2d949443af9be8348f1a90",
            "user_data_base64": null,
            "user_data_replace_on_change": false,
            "volume_tags": null,
            "vpc_security_group_ids": [
              "sg-00400b0859a15d803"
            ]
          },
          "sensitive_attributes": [],
          "private": "eyJlMmJmYjczMC1lY2FhLTExZTYtOGY4OC0zNDM2M2JjN2M0YzAiOnsiY3JlYXRlIjo2MDAwMDAwMDAwMDAsImRlbGV0ZSI6MTIwMDAwMDAwMDAwMCwicmVhZCI6OTAwMDAwMDAwMDAwLCJ1cGRhdGUiOjYwMDAwMDAwMDAwMH0sInNjaGVtYV92ZXJzaW9uIjoiMSJ9",
          "dependencies": [
            "aws_security_group.crawler",
            "data.aws_ami.ubuntu",
            "data.cloudinit_config.config"
          ]
        },
        {
          "index_key": "TungVo",
          "schema_version": 1,
          "attributes": {
            "ami": "ami-09005bce47e1d2c7f",
            "arn": "arn:aws:ec2:ap-southeast-1:637423495044:instance/i-0ae533767e6bebc1b",
            "associate_public_ip_address": true,
            "availability_zone": "ap-southeast-1a",
            "capacity_reservation_specification": [
              {
                "capacity_reservation_preference": "open",
                "capacity_reservation_target": []
              }
            ],
            "cpu_core_count": 1,
            "cpu_options": [
              {
                "amd_sev_snp": "",
                "core_count": 1,
                "threads_per_core": 2
              }
            ],
            "cpu_threads_per_core": 2,
            "credit_specification": [
              {
                "cpu_credits": "unlimited"
              }
            ],
            "disable_api_stop": false,
            "disable_api_termination": false,
            "ebs_block_device": [],
            "ebs_optimized": false,
            "enclave_options": [
              {
                "enabled": false
              }
            ],
            "ephemeral_block_device": [],
            "get_password_data": false,
            "hibernation": false,
            "host_id": "",
            "host_resource_group_arn": null,
            "iam_instance_profile": "",
            "id": "i-0ae533767e6bebc1b",
            "instance_initiated_shutdown_behavior": "stop",
            "instance_lifecycle": "",
            "instance_market_options": [],
            "instance_state": "running",
            "instance_type": "t3.medium",
            "ipv6_address_count": 0,
            "ipv6_addresses": [],
            "key_name": "test",
            "launch_template": [],
            "maintenance_options": [
              {
                "auto_recovery": "default"
              }
            ],
            "metadata_options": [
              {
                "http_endpoint": "enabled",
                "http_protocol_ipv6": "disabled",
                "http_put_response_hop_limit": 2,
                "http_tokens": "required",
                "instance_metadata_tags": "disabled"
              }
            ],
            "monitoring": false,
            "network_interface": [],
            "outpost_arn": "",
            "password_data": "",
            "placement_group": "",
            "placement_partition_number": 0,
            "primary_network_interface_id": "eni-0febe6178e388d0b1",
            "private_dns": "ip-172-31-46-121.ap-southeast-1.compute.internal",
            "private_dns_name_options": [
              {
                "enable_resource_name_dns_a_record": false,
                "enable_resource_name_dns_aaaa_record": false,
                "hostname_type": "ip-name"
              }
            ],
            "private_ip": "172.31.46.121",
            "public_dns": "ec2-54-169-242-192.ap-southeast-1.compute.amazonaws.com",
            "public_ip": "54.169.242.192",
            "root_block_device": [
              {
                "delete_on_termination": true,
                "device_name": "/dev/sda1",
                "encrypted": false,
                "iops": 3000,
                "kms_key_id": "",
                "tags": null,
                "tags_all": {},
                "throughput": 125,
                "volume_id": "vol-0b07bee0e89efcd1c",
                "volume_size": 30,
                "volume_type": "gp3"
              }
            ],
            "secondary_private_ips": [],
            "security_groups": [
              "crawler"
            ],
            "source_dest_check": true,
            "spot_instance_request_id": "",
            "subnet_id": "subnet-08f6204d132abcaff",
            "tags": {
              "Name": "Crawler-TungVo"
            },
            "tags_all": {
              "Name": "Crawler-TungVo"
            },
            "tenancy": "default",
            "timeouts": null,
            "user_data": "f5c2925b6e048dfd6e2d949443af9be8348f1a90",
            "user_data_base64": null,
            "user_data_replace_on_change": false,
            "volume_tags": null,
            "vpc_security_group_ids": [
              "sg-00400b0859a15d803"
            ]
          },
          "sensitive_attributes": [],
          "private": "eyJlMmJmYjczMC1lY2FhLTExZTYtOGY4OC0zNDM2M2JjN2M0YzAiOnsiY3JlYXRlIjo2MDAwMDAwMDAwMDAsImRlbGV0ZSI6MTIwMDAwMDAwMDAwMCwicmVhZCI6OTAwMDAwMDAwMDAwLCJ1cGRhdGUiOjYwMDAwMDAwMDAwMH0sInNjaGVtYV92ZXJzaW9uIjoiMSJ9",
          "dependencies": [
            "aws_security_group.crawler",
            "data.aws_ami.ubuntu",
            "data.cloudinit_config.config"
          ]
        }
      ]
    },
    {
      "mode": "managed",
      "type": "aws_security_group",
      "name": "crawler",
      "provider": "provider[\"registry.terraform.io/hashicorp/aws\"]",
      "instances": [
        {
          "schema_version": 1,
          "attributes": {
            "arn": "arn:aws:ec2:ap-southeast-1:637423495044:security-group/sg-00400b0859a15d803",
            "description": "Managed by Terraform",
            "egress": [
              {
                "cidr_blocks": [
                  "0.0.0.0/0"
                ],
                "description": "",
                "from_port": 0,
                "ipv6_cidr_blocks": [],
                "prefix_list_ids": [],
                "protocol": "-1",
                "security_groups": [],
                "self": false,
                "to_port": 0
              }
            ],
            "id": "sg-00400b0859a15d803",
            "ingress": [
              {
                "cidr_blocks": [
                  "0.0.0.0/0"
                ],
                "description": "",
                "from_port": 22,
                "ipv6_cidr_blocks": [],
                "prefix_list_ids": [],
                "protocol": "tcp",
                "security_groups": [],
                "self": false,
                "to_port": 22
              },
              {
                "cidr_blocks": [
                  "0.0.0.0/0"
                ],
                "description": "",
                "from_port": 3000,
                "ipv6_cidr_blocks": [],
                "prefix_list_ids": [],
                "protocol": "tcp",
                "security_groups": [],
                "self": false,
                "to_port": 3000
              },
              {
                "cidr_blocks": [
                  "0.0.0.0/0"
                ],
                "description": "",
                "from_port": 3100,
                "ipv6_cidr_blocks": [],
                "prefix_list_ids": [],
                "protocol": "tcp",
                "security_groups": [],
                "self": false,
                "to_port": 3100
              },
              {
                "cidr_blocks": [
                  "0.0.0.0/0"
                ],
                "description": "",
                "from_port": 5432,
                "ipv6_cidr_blocks": [],
                "prefix_list_ids": [],
                "protocol": "tcp",
                "security_groups": [],
                "self": false,
                "to_port": 5432
              },
              {
                "cidr_blocks": [
                  "0.0.0.0/0"
                ],
                "description": "",
                "from_port": 6379,
                "ipv6_cidr_blocks": [],
                "prefix_list_ids": [],
                "protocol": "tcp",
                "security_groups": [],
                "self": false,
                "to_port": 6379
              },
              {
                "cidr_blocks": [
                  "0.0.0.0/0"
                ],
                "description": "",
                "from_port": 8080,
                "ipv6_cidr_blocks": [],
                "prefix_list_ids": [],
                "protocol": "tcp",
                "security_groups": [],
                "self": false,
                "to_port": 8080
              },
              {
                "cidr_blocks": [
                  "0.0.0.0/0"
                ],
                "description": "",
                "from_port": 8083,
                "ipv6_cidr_blocks": [],
                "prefix_list_ids": [],
                "protocol": "tcp",
                "security_groups": [],
                "self": false,
                "to_port": 8083
              },
              {
                "cidr_blocks": [
                  "0.0.0.0/0"
                ],
                "description": "",
                "from_port": 9200,
                "ipv6_cidr_blocks": [],
                "prefix_list_ids": [],
                "protocol": "tcp",
                "security_groups": [],
                "self": false,
                "to_port": 9200
              }
            ],
            "name": "crawler",
            "name_prefix": "",
            "owner_id": "637423495044",
            "revoke_rules_on_delete": false,
            "tags": null,
            "tags_all": {},
            "timeouts": null,
            "vpc_id": "vpc-0fc7c04540e4c653f"
          },
          "sensitive_attributes": [],
          "private": "eyJlMmJmYjczMC1lY2FhLTExZTYtOGY4OC0zNDM2M2JjN2M0YzAiOnsiY3JlYXRlIjo2MDAwMDAwMDAwMDAsImRlbGV0ZSI6OTAwMDAwMDAwMDAwfSwic2NoZW1hX3ZlcnNpb24iOiIxIn0="
        }
      ]
    }
  ],
  "check_results": null
}
