{
  "version": 4,
  "terraform_version": "1.6.6",
  "serial": 114,
  "lineage": "9dd26796-d158-d33f-ee8b-91d90e53fc76",
  "outputs": {
    "public_ip": {
      "value": {
        "Node-1": "52.221.234.124",
        "Node-2": "52.221.250.95"
      },
      "type": [
        "object",
        {
          "Node-1": "string",
          "Node-2": "string"
        }
      ]
    }
  },
  "resources": [
    {
      "mode": "data",
      "type": "aws_ami",
      "name": "ubuntu",
      "provider": "provider[\"registry.terraform.io/hashicorp/aws\"]",
      "instances": [
        {
          "schema_version": 0,
          "attributes": {
            "architecture": "x86_64",
            "arn": "arn:aws:ec2:ap-southeast-1::image/ami-05d6d0aae066c8d93",
            "block_device_mappings": [
              {
                "device_name": "/dev/sda1",
                "ebs": {
                  "delete_on_termination": "true",
                  "encrypted": "false",
                  "iops": "0",
                  "snapshot_id": "snap-05de992295ea2a68d",
                  "throughput": "0",
                  "volume_size": "8",
                  "volume_type": "gp3"
                },
                "no_device": "",
                "virtual_name": ""
              },
              {
                "device_name": "/dev/sdb",
                "ebs": {},
                "no_device": "",
                "virtual_name": "ephemeral0"
              },
              {
                "device_name": "/dev/sdc",
                "ebs": {},
                "no_device": "",
                "virtual_name": "ephemeral1"
              }
            ],
            "boot_mode": "uefi-preferred",
            "creation_date": "2024-08-27T09:06:04.000Z",
            "deprecation_time": "2026-08-27T09:06:04.000Z",
            "description": "Canonical, Ubuntu, 24.04, amd64 noble image",
            "ena_support": true,
            "executable_users": null,
            "filter": [
              {
                "name": "name",
                "values": [
                  "ubuntu/images/hvm-ssd-gp3/ubuntu-noble-24.04-amd64-server-*"
                ]
              }
            ],
            "hypervisor": "xen",
            "id": "ami-05d6d0aae066c8d93",
            "image_id": "ami-05d6d0aae066c8d93",
            "image_location": "amazon/ubuntu/images/hvm-ssd-gp3/ubuntu-noble-24.04-amd64-server-20240827",
            "image_owner_alias": "amazon",
            "image_type": "machine",
            "imds_support": "v2.0",
            "include_deprecated": false,
            "kernel_id": "",
            "most_recent": true,
            "name": "ubuntu/images/hvm-ssd-gp3/ubuntu-noble-24.04-amd64-server-20240827",
            "name_regex": null,
            "owner_id": "099720109477",
            "owners": [
              "099720109477"
            ],
            "platform": "",
            "platform_details": "Linux/UNIX",
            "product_codes": [],
            "public": true,
            "ramdisk_id": "",
            "root_device_name": "/dev/sda1",
            "root_device_type": "ebs",
            "root_snapshot_id": "snap-05de992295ea2a68d",
            "sriov_net_support": "simple",
            "state": "available",
            "state_reason": {
              "code": "UNSET",
              "message": "UNSET"
            },
            "tags": {},
            "timeouts": null,
            "tpm_support": "",
            "usage_operation": "RunInstances",
            "virtualization_type": "hvm"
          },
          "sensitive_attributes": []
        }
      ]
    },
    {
      "mode": "data",
      "type": "cloudinit_config",
      "name": "config",
      "provider": "provider[\"registry.terraform.io/hashicorp/cloudinit\"]",
      "instances": [
        {
          "schema_version": 0,
          "attributes": {
            "base64_encode": true,
            "boundary": "MIMEBOUNDARY",
            "gzip": true,
            "id": "3993769906",
            "part": [
              {
                "content": "#cloud-config\nruncmd:\n  # Docker\n  - curl -fsSL https://get.docker.com/ | sh\n  - sudo usermod -aG docker ubuntu\n  - cd /home/ubuntu\n  - git clone https://github.com/hero2510/200lab-ec2-cdc.git \u0026\u0026 cd 200lab-ec2-cdc\n  - docker compose -f docker-compose-server.yaml down\n  - docker network create crawler\n  - docker compose -f docker-compose-server.yaml up -d\n  - curl -sOL https://raw.githubusercontent.com/vishnubob/wait-for-it/master/wait-for-it.sh\n  - chmod +x wait-for-it.sh\n  - ./wait-for-it.sh -t 0 localhost:5432 -- echo \"postgres up\"\n  - ./wait-for-it.sh -t 0 localhost:8083 -- echo \"kafka connect up\"\n  - sleep 60\n  - docker run --env-file=./migrate/.env.container --net crawler hero2510/migrate-app /app/run init\n  - docker run --env-file=./migrate/.env.container --net crawler hero2510/migrate-app /app/run migrate\n  - docker compose -f docker-compose-server.yaml up -d consumer\n  - echo \"Installing postgres connector\" \u0026\u0026 curl -i -X POST -H \"Accept:application/json\" -H  \"Content-Type:application/json\" http://localhost:8083/connectors/ -d @configs/connector/postgres-source.json\n  - echo \"Installing elasticsearch connector\" \u0026\u0026 curl -i -X POST -H \"Accept:application/json\" -H  \"Content-Type:application/json\" http://localhost:8083/connectors/ -d @configs/connector/elasticsearch-sink.json  \n  - |\n    PUBLIC_IP=$(curl -s http://checkip.amazonaws.com)\n    sed -i 's|localhost|'${PUBLIC_IP}'|g' ./website/.env\n    # docker build ./website -t hero2510/crawler-website\n    # docker run --net crawler --name website -p 3100:80 -d hero2510/crawler-website\n\npackages:\n  - git\n  - curl",
                "content_type": "text/cloud-config",
                "filename": null,
                "merge_type": null
              }
            ],
            "rendered": "H4sIAAAAAAAA/8xV72/kNBD9Hmn/h1F6uoLQxGnLQRVUifslqHSlFXeH4BNynNnErGNb/rHbwvK/I2ez2exdkQAJ6T7u+L03npfn2ZdGB9IB3z1YqqCPKkjLXWC9vKfmG6hN1A13D1f5zfXN6xe373949fzHX/Is/cKfyHlpdAVnRbnIFhniHLTIJm3HtV+Sw9damEbqtoKvaxlmgKF5oPvAhDKxQWH0UraL7Eb29FGbkzkmc1GLvqkygBN4ZcSKXAaAIKJTgEv/9g10IVhfMdZSKJoBUQjTM9iC7wasj42B6Mn1pgHk38EOBbGOOsSdXAOsMz2xWa2VAYQymg4dZOhiPah35Mz5s7OSnZel4jWSOEfRiCKRnj5NescHg+LYV5jeGk+Ay7GCYwU9uTW54oH3Chqz0XOWprAxbgXCEQ8EwvGNGs34V7rRAjYzD/3twULHN8VuyGSX2H2+Yd619J2OtanZhsuAS+NQBtZzH8jNS8XoueiS2V/cwyNnxQcEwAAlKCO46owP1bMvL84BEUh0BnJrfGgdeYg2/0f0y/Ly4kBf8eWKgzBakwiThldEFr4q5/a5qAGR9BqXUtFVwXrZOh6IFaTXRTKDS00OEDWFvf8wBWFEI7cWGLeWJT2pZfi/e4zF/5iEZI2P/ZiknWfX2geulNQtTO6PDhqXD/keoiMBf4a727fvAL+H/LkQZEPFrVVS8CCNZr95o/N0CPnRLvgYkxJYMXb8FdnU1LN01W93O8Ef6mx/P/QmOkFFUnt8ElLcByk8cSe6T3Wco0uil3o1TAQwzLTNAADu3r94c/3y1+u7qyefjU943090JFbSFrznvxvNNz693c8HlqcmTXjqt9OltqdP/pjE/jzdtqfpbVHt5RjIgXiyD1UdpWoOiPTspmCOScXx7Ji4C/080Iia9wSTkoWLs7KsLstky9+KZpaLFW/JV/v9PK2xD/+cEBfZXwEAAP//iQN0OPsGAAA="
          },
          "sensitive_attributes": []
        }
      ]
    },
    {
      "mode": "managed",
      "type": "aws_instance",
      "name": "crawler",
      "provider": "provider[\"registry.terraform.io/hashicorp/aws\"]",
      "instances": [
        {
          "index_key": "Node-1",
          "schema_version": 1,
          "attributes": {
            "ami": "ami-05d6d0aae066c8d93",
            "arn": "arn:aws:ec2:ap-southeast-1:637423495044:instance/i-004891f89ffe9475c",
            "associate_public_ip_address": true,
            "availability_zone": "ap-southeast-1a",
            "capacity_reservation_specification": [
              {
                "capacity_reservation_preference": "open",
                "capacity_reservation_target": []
              }
            ],
            "cpu_core_count": 1,
            "cpu_options": [
              {
                "amd_sev_snp": "",
                "core_count": 1,
                "threads_per_core": 2
              }
            ],
            "cpu_threads_per_core": 2,
            "credit_specification": [
              {
                "cpu_credits": "unlimited"
              }
            ],
            "disable_api_stop": false,
            "disable_api_termination": false,
            "ebs_block_device": [],
            "ebs_optimized": false,
            "enclave_options": [
              {
                "enabled": false
              }
            ],
            "ephemeral_block_device": [],
            "get_password_data": false,
            "hibernation": false,
            "host_id": "",
            "host_resource_group_arn": null,
            "iam_instance_profile": "",
            "id": "i-004891f89ffe9475c",
            "instance_initiated_shutdown_behavior": "stop",
            "instance_lifecycle": "",
            "instance_market_options": [],
            "instance_state": "running",
            "instance_type": "t3.medium",
            "ipv6_address_count": 0,
            "ipv6_addresses": [],
            "key_name": "test",
            "launch_template": [],
            "maintenance_options": [
              {
                "auto_recovery": "default"
              }
            ],
            "metadata_options": [
              {
                "http_endpoint": "enabled",
                "http_protocol_ipv6": "disabled",
                "http_put_response_hop_limit": 2,
                "http_tokens": "required",
                "instance_metadata_tags": "disabled"
              }
            ],
            "monitoring": false,
            "network_interface": [],
            "outpost_arn": "",
            "password_data": "",
            "placement_group": "",
            "placement_partition_number": 0,
            "primary_network_interface_id": "eni-029353f0df29e86ff",
            "private_dns": "ip-172-31-35-153.ap-southeast-1.compute.internal",
            "private_dns_name_options": [
              {
                "enable_resource_name_dns_a_record": false,
                "enable_resource_name_dns_aaaa_record": false,
                "hostname_type": "ip-name"
              }
            ],
            "private_ip": "172.31.35.153",
            "public_dns": "ec2-52-221-234-124.ap-southeast-1.compute.amazonaws.com",
            "public_ip": "52.221.234.124",
            "root_block_device": [
              {
                "delete_on_termination": true,
                "device_name": "/dev/sda1",
                "encrypted": false,
                "iops": 3000,
                "kms_key_id": "",
                "tags": null,
                "tags_all": {},
                "throughput": 125,
                "volume_id": "vol-081b7687b574a7d9b",
                "volume_size": 30,
                "volume_type": "gp3"
              }
            ],
            "secondary_private_ips": [],
            "security_groups": [
              "crawler"
            ],
            "source_dest_check": true,
            "spot_instance_request_id": "",
            "subnet_id": "subnet-08f6204d132abcaff",
            "tags": {
              "Name": "Crawler-Node-1"
            },
            "tags_all": {
              "Name": "Crawler-Node-1"
            },
            "tenancy": "default",
            "timeouts": null,
            "user_data": "5390e8515e917d96b7277a88a10ee9031daf7d87",
            "user_data_base64": null,
            "user_data_replace_on_change": false,
            "volume_tags": null,
            "vpc_security_group_ids": [
              "sg-031b7c3d038589709"
            ]
          },
          "sensitive_attributes": [],
          "private": "eyJlMmJmYjczMC1lY2FhLTExZTYtOGY4OC0zNDM2M2JjN2M0YzAiOnsiY3JlYXRlIjo2MDAwMDAwMDAwMDAsImRlbGV0ZSI6MTIwMDAwMDAwMDAwMCwicmVhZCI6OTAwMDAwMDAwMDAwLCJ1cGRhdGUiOjYwMDAwMDAwMDAwMH0sInNjaGVtYV92ZXJzaW9uIjoiMSJ9",
          "dependencies": [
            "aws_security_group.crawler",
            "data.aws_ami.ubuntu",
            "data.cloudinit_config.config"
          ]
        },
        {
          "index_key": "Node-2",
          "schema_version": 1,
          "attributes": {
            "ami": "ami-05d6d0aae066c8d93",
            "arn": "arn:aws:ec2:ap-southeast-1:637423495044:instance/i-03399d4904ba7a918",
            "associate_public_ip_address": true,
            "availability_zone": "ap-southeast-1a",
            "capacity_reservation_specification": [
              {
                "capacity_reservation_preference": "open",
                "capacity_reservation_target": []
              }
            ],
            "cpu_core_count": 1,
            "cpu_options": [
              {
                "amd_sev_snp": "",
                "core_count": 1,
                "threads_per_core": 2
              }
            ],
            "cpu_threads_per_core": 2,
            "credit_specification": [
              {
                "cpu_credits": "unlimited"
              }
            ],
            "disable_api_stop": false,
            "disable_api_termination": false,
            "ebs_block_device": [],
            "ebs_optimized": false,
            "enclave_options": [
              {
                "enabled": false
              }
            ],
            "ephemeral_block_device": [],
            "get_password_data": false,
            "hibernation": false,
            "host_id": "",
            "host_resource_group_arn": null,
            "iam_instance_profile": "",
            "id": "i-03399d4904ba7a918",
            "instance_initiated_shutdown_behavior": "stop",
            "instance_lifecycle": "",
            "instance_market_options": [],
            "instance_state": "running",
            "instance_type": "t3.medium",
            "ipv6_address_count": 0,
            "ipv6_addresses": [],
            "key_name": "test",
            "launch_template": [],
            "maintenance_options": [
              {
                "auto_recovery": "default"
              }
            ],
            "metadata_options": [
              {
                "http_endpoint": "enabled",
                "http_protocol_ipv6": "disabled",
                "http_put_response_hop_limit": 2,
                "http_tokens": "required",
                "instance_metadata_tags": "disabled"
              }
            ],
            "monitoring": false,
            "network_interface": [],
            "outpost_arn": "",
            "password_data": "",
            "placement_group": "",
            "placement_partition_number": 0,
            "primary_network_interface_id": "eni-098bf6a915c2217a6",
            "private_dns": "ip-172-31-43-137.ap-southeast-1.compute.internal",
            "private_dns_name_options": [
              {
                "enable_resource_name_dns_a_record": false,
                "enable_resource_name_dns_aaaa_record": false,
                "hostname_type": "ip-name"
              }
            ],
            "private_ip": "172.31.43.137",
            "public_dns": "ec2-52-221-250-95.ap-southeast-1.compute.amazonaws.com",
            "public_ip": "52.221.250.95",
            "root_block_device": [
              {
                "delete_on_termination": true,
                "device_name": "/dev/sda1",
                "encrypted": false,
                "iops": 3000,
                "kms_key_id": "",
                "tags": null,
                "tags_all": {},
                "throughput": 125,
                "volume_id": "vol-09c33fe734b575b37",
                "volume_size": 30,
                "volume_type": "gp3"
              }
            ],
            "secondary_private_ips": [],
            "security_groups": [
              "crawler"
            ],
            "source_dest_check": true,
            "spot_instance_request_id": "",
            "subnet_id": "subnet-08f6204d132abcaff",
            "tags": {
              "Name": "Crawler-Node-2"
            },
            "tags_all": {
              "Name": "Crawler-Node-2"
            },
            "tenancy": "default",
            "timeouts": null,
            "user_data": "5390e8515e917d96b7277a88a10ee9031daf7d87",
            "user_data_base64": null,
            "user_data_replace_on_change": false,
            "volume_tags": null,
            "vpc_security_group_ids": [
              "sg-031b7c3d038589709"
            ]
          },
          "sensitive_attributes": [],
          "private": "eyJlMmJmYjczMC1lY2FhLTExZTYtOGY4OC0zNDM2M2JjN2M0YzAiOnsiY3JlYXRlIjo2MDAwMDAwMDAwMDAsImRlbGV0ZSI6MTIwMDAwMDAwMDAwMCwicmVhZCI6OTAwMDAwMDAwMDAwLCJ1cGRhdGUiOjYwMDAwMDAwMDAwMH0sInNjaGVtYV92ZXJzaW9uIjoiMSJ9",
          "dependencies": [
            "aws_security_group.crawler",
            "data.aws_ami.ubuntu",
            "data.cloudinit_config.config"
          ]
        }
      ]
    },
    {
      "mode": "managed",
      "type": "aws_security_group",
      "name": "crawler",
      "provider": "provider[\"registry.terraform.io/hashicorp/aws\"]",
      "instances": [
        {
          "schema_version": 1,
          "attributes": {
            "arn": "arn:aws:ec2:ap-southeast-1:637423495044:security-group/sg-031b7c3d038589709",
            "description": "Managed by Terraform",
            "egress": [
              {
                "cidr_blocks": [
                  "0.0.0.0/0"
                ],
                "description": "",
                "from_port": 0,
                "ipv6_cidr_blocks": [],
                "prefix_list_ids": [],
                "protocol": "-1",
                "security_groups": [],
                "self": false,
                "to_port": 0
              }
            ],
            "id": "sg-031b7c3d038589709",
            "ingress": [
              {
                "cidr_blocks": [
                  "0.0.0.0/0"
                ],
                "description": "",
                "from_port": 22,
                "ipv6_cidr_blocks": [],
                "prefix_list_ids": [],
                "protocol": "tcp",
                "security_groups": [],
                "self": false,
                "to_port": 22
              },
              {
                "cidr_blocks": [
                  "0.0.0.0/0"
                ],
                "description": "",
                "from_port": 3000,
                "ipv6_cidr_blocks": [],
                "prefix_list_ids": [],
                "protocol": "tcp",
                "security_groups": [],
                "self": false,
                "to_port": 3000
              },
              {
                "cidr_blocks": [
                  "0.0.0.0/0"
                ],
                "description": "",
                "from_port": 3100,
                "ipv6_cidr_blocks": [],
                "prefix_list_ids": [],
                "protocol": "tcp",
                "security_groups": [],
                "self": false,
                "to_port": 3100
              },
              {
                "cidr_blocks": [
                  "0.0.0.0/0"
                ],
                "description": "",
                "from_port": 5432,
                "ipv6_cidr_blocks": [],
                "prefix_list_ids": [],
                "protocol": "tcp",
                "security_groups": [],
                "self": false,
                "to_port": 5432
              },
              {
                "cidr_blocks": [
                  "0.0.0.0/0"
                ],
                "description": "",
                "from_port": 6379,
                "ipv6_cidr_blocks": [],
                "prefix_list_ids": [],
                "protocol": "tcp",
                "security_groups": [],
                "self": false,
                "to_port": 6379
              },
              {
                "cidr_blocks": [
                  "0.0.0.0/0"
                ],
                "description": "",
                "from_port": 8080,
                "ipv6_cidr_blocks": [],
                "prefix_list_ids": [],
                "protocol": "tcp",
                "security_groups": [],
                "self": false,
                "to_port": 8080
              },
              {
                "cidr_blocks": [
                  "0.0.0.0/0"
                ],
                "description": "",
                "from_port": 8083,
                "ipv6_cidr_blocks": [],
                "prefix_list_ids": [],
                "protocol": "tcp",
                "security_groups": [],
                "self": false,
                "to_port": 8083
              },
              {
                "cidr_blocks": [
                  "0.0.0.0/0"
                ],
                "description": "",
                "from_port": 9090,
                "ipv6_cidr_blocks": [],
                "prefix_list_ids": [],
                "protocol": "tcp",
                "security_groups": [],
                "self": false,
                "to_port": 9090
              },
              {
                "cidr_blocks": [
                  "0.0.0.0/0"
                ],
                "description": "",
                "from_port": 9100,
                "ipv6_cidr_blocks": [],
                "prefix_list_ids": [],
                "protocol": "tcp",
                "security_groups": [],
                "self": false,
                "to_port": 9100
              },
              {
                "cidr_blocks": [
                  "0.0.0.0/0"
                ],
                "description": "",
                "from_port": 9200,
                "ipv6_cidr_blocks": [],
                "prefix_list_ids": [],
                "protocol": "tcp",
                "security_groups": [],
                "self": false,
                "to_port": 9200
              }
            ],
            "name": "crawler",
            "name_prefix": "",
            "owner_id": "637423495044",
            "revoke_rules_on_delete": false,
            "tags": null,
            "tags_all": {},
            "timeouts": null,
            "vpc_id": "vpc-0fc7c04540e4c653f"
          },
          "sensitive_attributes": [],
          "private": "eyJlMmJmYjczMC1lY2FhLTExZTYtOGY4OC0zNDM2M2JjN2M0YzAiOnsiY3JlYXRlIjo2MDAwMDAwMDAwMDAsImRlbGV0ZSI6OTAwMDAwMDAwMDAwfSwic2NoZW1hX3ZlcnNpb24iOiIxIn0="
        }
      ]
    }
  ],
  "check_results": null
}
