{
  "version": 4,
  "terraform_version": "1.5.7",
  "serial": 23,
  "lineage": "9dd26796-d158-d33f-ee8b-91d90e53fc76",
  "outputs": {
    "public_ip": {
      "value": {
        "TungVo": "13.212.99.78"
      },
      "type": [
        "object",
        {
          "TungVo": "string"
        }
      ]
    }
  },
  "resources": [
    {
      "mode": "data",
      "type": "aws_ami",
      "name": "ubuntu",
      "provider": "provider[\"registry.terraform.io/hashicorp/aws\"]",
      "instances": [
        {
          "schema_version": 0,
          "attributes": {
            "architecture": "x86_64",
            "arn": "arn:aws:ec2:ap-southeast-1::image/ami-09005bce47e1d2c7f",
            "block_device_mappings": [
              {
                "device_name": "/dev/sda1",
                "ebs": {
                  "delete_on_termination": "true",
                  "encrypted": "false",
                  "iops": "0",
                  "snapshot_id": "snap-02a81152af5498c03",
                  "throughput": "0",
                  "volume_size": "8",
                  "volume_type": "gp3"
                },
                "no_device": "",
                "virtual_name": ""
              },
              {
                "device_name": "/dev/sdb",
                "ebs": {},
                "no_device": "",
                "virtual_name": "ephemeral0"
              },
              {
                "device_name": "/dev/sdc",
                "ebs": {},
                "no_device": "",
                "virtual_name": "ephemeral1"
              }
            ],
            "boot_mode": "uefi-preferred",
            "creation_date": "2024-07-10T09:05:30.000Z",
            "deprecation_time": "2026-07-10T09:05:30.000Z",
            "description": "Canonical, Ubuntu, 24.04 LTS, amd64 noble image build on 2024-07-10",
            "ena_support": true,
            "executable_users": null,
            "filter": [
              {
                "name": "name",
                "values": [
                  "ubuntu/images/hvm-ssd-gp3/ubuntu-noble-24.04-amd64-server-*"
                ]
              }
            ],
            "hypervisor": "xen",
            "id": "ami-09005bce47e1d2c7f",
            "image_id": "ami-09005bce47e1d2c7f",
            "image_location": "amazon/ubuntu/images/hvm-ssd-gp3/ubuntu-noble-24.04-amd64-server-20240710",
            "image_owner_alias": "amazon",
            "image_type": "machine",
            "imds_support": "v2.0",
            "include_deprecated": false,
            "kernel_id": "",
            "most_recent": true,
            "name": "ubuntu/images/hvm-ssd-gp3/ubuntu-noble-24.04-amd64-server-20240710",
            "name_regex": null,
            "owner_id": "099720109477",
            "owners": [
              "099720109477"
            ],
            "platform": "",
            "platform_details": "Linux/UNIX",
            "product_codes": [],
            "public": true,
            "ramdisk_id": "",
            "root_device_name": "/dev/sda1",
            "root_device_type": "ebs",
            "root_snapshot_id": "snap-02a81152af5498c03",
            "sriov_net_support": "simple",
            "state": "available",
            "state_reason": {
              "code": "UNSET",
              "message": "UNSET"
            },
            "tags": {},
            "timeouts": null,
            "tpm_support": "",
            "usage_operation": "RunInstances",
            "virtualization_type": "hvm"
          },
          "sensitive_attributes": []
        }
      ]
    },
    {
      "mode": "data",
      "type": "cloudinit_config",
      "name": "config",
      "provider": "provider[\"registry.terraform.io/hashicorp/cloudinit\"]",
      "instances": [
        {
          "schema_version": 0,
          "attributes": {
            "base64_encode": true,
            "boundary": "MIMEBOUNDARY",
            "gzip": true,
            "id": "2571227137",
            "part": [
              {
                "content": "#cloud-config\nruncmd:\n  # Docker\n  - curl -fsSL https://get.docker.com/ | sh\n  - sudo usermod -aG docker ubuntu\n  - cd /home/ubuntu\n  - git clone https://github.com/hero2510/200lab-ec2-cdc.git \u0026\u0026 cd 200lab-ec2-cdc\n  - docker compose -f docker-compose-server.yaml down\n  - docker network create crawler\n  - docker compose -f docker-compose-server.yaml up -d\n  - curl -sOL https://raw.githubusercontent.com/vishnubob/wait-for-it/master/wait-for-it.sh\n  - chmod +x wait-for-it.sh\n  - ./wait-for-it.sh -t 0 localhost:5432 -- echo \"postgres up\"\n  - ./wait-for-it.sh -t 0 localhost:8083 -- echo \"kafka connect up\"\n  - sleep 60\n  - docker run --env-file=./migrate/.env.container --net crawler hero2510/migrate-app /app/run init\n  - docker run --env-file=./migrate/.env.container --net crawler hero2510/migrate-app /app/run migrate\n  - curl -i -X POST -H \"Accept:application/json\" -H  \"Content-Type:application/json\" http://localhost:8083/connectors/ -d @configs/connector/postgres-source.json   - \n  - curl -i -X POST -H \"Accept:application/json\" -H  \"Content-Type:application/json\" http://localhost:8083/connectors/ -d @configs/connector/elasticsearch-sink.json  \npackages:\n  - git\n  - curl",
                "content_type": "text/cloud-config",
                "filename": null,
                "merge_type": null
              }
            ],
            "rendered": "H4sIAAAAAAAA/8yUT2/bOBDF7wL8HQYOkMtiRMfZ7AZaBNi0CdoCTVM0adEeaWoksZY4BDm0E6AfvpCt2ErSQ3so0KMe37wZ/fjnJTshJ3h776mALrVivQ6iOntH5X+w4ORKHe7Ppldvri5fXH98d3H+4cs067/wE4Vo2RVwlM8m2SRDHJsm2S47aBcrCnjpDJfW1QX8u7AyMmyaC92JMi2nEg27ytaT7Mp29KzNwdiTheRMVxYZwAFcsFlSyAAQTAotYBVv3kIj4mOhVE2SlxtHbrhT8A1is/HGVDKkSKHjElC/gq0L0iI5Sdu4ElTDHamRVlsB07KjfQcrTVps0hsKPD85mqn5bNbqBZKZoylN3hcdHvZ5jxc2iUNfw53nSIDVoOCgYKSwopDf666FktduXOVI1hyWYAJpITBBr9sBxi/lJg9YjhjG6z3CoNf59id7XGa7fZv/XdnYuLTghVprK1hxQCuq01EojKV8YG6aHvZfd/CDtfxJAaDADFo2um04SnHy9/EcEIFMwzD1HKUOFCH56U+Vn85Oj/flS10tNRh2jozsMmJL5OGf2RhfSA4Qya2wsi2d5aqzddBCKie3ynsY2joKgOhIHvjD7iAMbtTeg9Leqz7POiu/u8cgjrbUAn6G99c3t4CvYXpuDHkptPetNVosO/U1spv2izB9dEefe/qTUSj1mK4acHKICrCE/7d3Ne519bBrGDkFQ3mfBv2Ef9aY1Ooo1kTSwTQYrVsOk2Zem6WuKRYPb8Fu8KcPIeIk+x4AAP//fA24i2cFAAA="
          },
          "sensitive_attributes": []
        }
      ]
    },
    {
      "mode": "managed",
      "type": "aws_instance",
      "name": "crawler",
      "provider": "provider[\"registry.terraform.io/hashicorp/aws\"]",
      "instances": [
        {
          "index_key": "TungVo",
          "schema_version": 1,
          "attributes": {
            "ami": "ami-09005bce47e1d2c7f",
            "arn": "arn:aws:ec2:ap-southeast-1:637423495044:instance/i-0a7cb18d0ffcf8a1f",
            "associate_public_ip_address": true,
            "availability_zone": "ap-southeast-1a",
            "capacity_reservation_specification": [
              {
                "capacity_reservation_preference": "open",
                "capacity_reservation_target": []
              }
            ],
            "cpu_core_count": 1,
            "cpu_options": [
              {
                "amd_sev_snp": "",
                "core_count": 1,
                "threads_per_core": 2
              }
            ],
            "cpu_threads_per_core": 2,
            "credit_specification": [
              {
                "cpu_credits": "unlimited"
              }
            ],
            "disable_api_stop": false,
            "disable_api_termination": false,
            "ebs_block_device": [],
            "ebs_optimized": false,
            "enclave_options": [
              {
                "enabled": false
              }
            ],
            "ephemeral_block_device": [],
            "get_password_data": false,
            "hibernation": false,
            "host_id": "",
            "host_resource_group_arn": null,
            "iam_instance_profile": "",
            "id": "i-0a7cb18d0ffcf8a1f",
            "instance_initiated_shutdown_behavior": "stop",
            "instance_lifecycle": "",
            "instance_market_options": [],
            "instance_state": "running",
            "instance_type": "t3.medium",
            "ipv6_address_count": 0,
            "ipv6_addresses": [],
            "key_name": "test",
            "launch_template": [],
            "maintenance_options": [
              {
                "auto_recovery": "default"
              }
            ],
            "metadata_options": [
              {
                "http_endpoint": "enabled",
                "http_protocol_ipv6": "disabled",
                "http_put_response_hop_limit": 2,
                "http_tokens": "required",
                "instance_metadata_tags": "disabled"
              }
            ],
            "monitoring": false,
            "network_interface": [],
            "outpost_arn": "",
            "password_data": "",
            "placement_group": "",
            "placement_partition_number": 0,
            "primary_network_interface_id": "eni-0132b5274ce20ea0d",
            "private_dns": "ip-172-31-42-101.ap-southeast-1.compute.internal",
            "private_dns_name_options": [
              {
                "enable_resource_name_dns_a_record": false,
                "enable_resource_name_dns_aaaa_record": false,
                "hostname_type": "ip-name"
              }
            ],
            "private_ip": "172.31.42.101",
            "public_dns": "ec2-13-212-99-78.ap-southeast-1.compute.amazonaws.com",
            "public_ip": "13.212.99.78",
            "root_block_device": [
              {
                "delete_on_termination": true,
                "device_name": "/dev/sda1",
                "encrypted": false,
                "iops": 3000,
                "kms_key_id": "",
                "tags": null,
                "tags_all": {},
                "throughput": 125,
                "volume_id": "vol-0dc24ed90d8c8683d",
                "volume_size": 30,
                "volume_type": "gp3"
              }
            ],
            "secondary_private_ips": [],
            "security_groups": [
              "crawler"
            ],
            "source_dest_check": true,
            "spot_instance_request_id": "",
            "subnet_id": "subnet-08f6204d132abcaff",
            "tags": {
              "Name": "Crawler-TungVo"
            },
            "tags_all": {
              "Name": "Crawler-TungVo"
            },
            "tenancy": "default",
            "timeouts": null,
            "user_data": "da4b38cb7c5f8db7f2371272ee2f20a115ab3fd4",
            "user_data_base64": null,
            "user_data_replace_on_change": false,
            "volume_tags": null,
            "vpc_security_group_ids": [
              "sg-0999540421619e5ab"
            ]
          },
          "sensitive_attributes": [],
          "private": "eyJlMmJmYjczMC1lY2FhLTExZTYtOGY4OC0zNDM2M2JjN2M0YzAiOnsiY3JlYXRlIjo2MDAwMDAwMDAwMDAsImRlbGV0ZSI6MTIwMDAwMDAwMDAwMCwicmVhZCI6OTAwMDAwMDAwMDAwLCJ1cGRhdGUiOjYwMDAwMDAwMDAwMH0sInNjaGVtYV92ZXJzaW9uIjoiMSJ9",
          "dependencies": [
            "aws_security_group.crawler",
            "data.aws_ami.ubuntu",
            "data.cloudinit_config.config"
          ]
        }
      ]
    },
    {
      "mode": "managed",
      "type": "aws_security_group",
      "name": "crawler",
      "provider": "provider[\"registry.terraform.io/hashicorp/aws\"]",
      "instances": [
        {
          "schema_version": 1,
          "attributes": {
            "arn": "arn:aws:ec2:ap-southeast-1:637423495044:security-group/sg-0999540421619e5ab",
            "description": "Managed by Terraform",
            "egress": [
              {
                "cidr_blocks": [
                  "0.0.0.0/0"
                ],
                "description": "",
                "from_port": 0,
                "ipv6_cidr_blocks": [],
                "prefix_list_ids": [],
                "protocol": "-1",
                "security_groups": [],
                "self": false,
                "to_port": 0
              }
            ],
            "id": "sg-0999540421619e5ab",
            "ingress": [
              {
                "cidr_blocks": [
                  "0.0.0.0/0"
                ],
                "description": "",
                "from_port": 22,
                "ipv6_cidr_blocks": [],
                "prefix_list_ids": [],
                "protocol": "tcp",
                "security_groups": [],
                "self": false,
                "to_port": 22
              },
              {
                "cidr_blocks": [
                  "0.0.0.0/0"
                ],
                "description": "",
                "from_port": 3000,
                "ipv6_cidr_blocks": [],
                "prefix_list_ids": [],
                "protocol": "tcp",
                "security_groups": [],
                "self": false,
                "to_port": 3000
              },
              {
                "cidr_blocks": [
                  "0.0.0.0/0"
                ],
                "description": "",
                "from_port": 3100,
                "ipv6_cidr_blocks": [],
                "prefix_list_ids": [],
                "protocol": "tcp",
                "security_groups": [],
                "self": false,
                "to_port": 3100
              },
              {
                "cidr_blocks": [
                  "0.0.0.0/0"
                ],
                "description": "",
                "from_port": 5432,
                "ipv6_cidr_blocks": [],
                "prefix_list_ids": [],
                "protocol": "tcp",
                "security_groups": [],
                "self": false,
                "to_port": 5432
              },
              {
                "cidr_blocks": [
                  "0.0.0.0/0"
                ],
                "description": "",
                "from_port": 6379,
                "ipv6_cidr_blocks": [],
                "prefix_list_ids": [],
                "protocol": "tcp",
                "security_groups": [],
                "self": false,
                "to_port": 6379
              },
              {
                "cidr_blocks": [
                  "0.0.0.0/0"
                ],
                "description": "",
                "from_port": 8080,
                "ipv6_cidr_blocks": [],
                "prefix_list_ids": [],
                "protocol": "tcp",
                "security_groups": [],
                "self": false,
                "to_port": 8080
              },
              {
                "cidr_blocks": [
                  "0.0.0.0/0"
                ],
                "description": "",
                "from_port": 8083,
                "ipv6_cidr_blocks": [],
                "prefix_list_ids": [],
                "protocol": "tcp",
                "security_groups": [],
                "self": false,
                "to_port": 8083
              },
              {
                "cidr_blocks": [
                  "0.0.0.0/0"
                ],
                "description": "",
                "from_port": 9200,
                "ipv6_cidr_blocks": [],
                "prefix_list_ids": [],
                "protocol": "tcp",
                "security_groups": [],
                "self": false,
                "to_port": 9200
              }
            ],
            "name": "crawler",
            "name_prefix": "",
            "owner_id": "637423495044",
            "revoke_rules_on_delete": false,
            "tags": null,
            "tags_all": {},
            "timeouts": null,
            "vpc_id": "vpc-0fc7c04540e4c653f"
          },
          "sensitive_attributes": [],
          "private": "eyJlMmJmYjczMC1lY2FhLTExZTYtOGY4OC0zNDM2M2JjN2M0YzAiOnsiY3JlYXRlIjo2MDAwMDAwMDAwMDAsImRlbGV0ZSI6OTAwMDAwMDAwMDAwfSwic2NoZW1hX3ZlcnNpb24iOiIxIn0="
        }
      ]
    }
  ],
  "check_results": null
}
